// !$*UTF8*$!
{
	archiveVersion = 1;
	classes = {
	};
	objectVersion = 56;
	objects = {

/* Begin PBXBuildFile section */
		560D2B802C75FF8600D0AFAA /* WeatherApp.swift in Sources */ = {isa = PBXBuildFile; fileRef = 560D2B7F2C75FF8600D0AFAA /* WeatherApp.swift */; };
		560D2B822C75FF8600D0AFAA /* ContentView.swift in Sources */ = {isa = PBXBuildFile; fileRef = 560D2B812C75FF8600D0AFAA /* ContentView.swift */; };
		560D2B842C75FF8700D0AFAA /* Assets.xcassets in Resources */ = {isa = PBXBuildFile; fileRef = 560D2B832C75FF8700D0AFAA /* Assets.xcassets */; };
		560D2B872C75FF8700D0AFAA /* Preview Assets.xcassets in Resources */ = {isa = PBXBuildFile; fileRef = 560D2B862C75FF8700D0AFAA /* Preview Assets.xcassets */; };
		560D2B8E2C76038D00D0AFAA /* WeatherCellItemView.swift in Sources */ = {isa = PBXBuildFile; fileRef = 560D2B8D2C76038D00D0AFAA /* WeatherCellItemView.swift */; };
		567745D42C904EE100EC56F8 /* APError.swift in Sources */ = {isa = PBXBuildFile; fileRef = 567745D32C904EE100EC56F8 /* APError.swift */; };
		56A5148F2C7F55B60001DD72 /* WeatherModel.swift in Sources */ = {isa = PBXBuildFile; fileRef = 56A5148E2C7F55B60001DD72 /* WeatherModel.swift */; };
		56A514912C7F59980001DD72 /* WeatherViewModel.swift in Sources */ = {isa = PBXBuildFile; fileRef = 56A514902C7F59980001DD72 /* WeatherViewModel.swift */; };
		56AB63F82C9BF82000E6E172 /* WeatherDetailView.swift in Sources */ = {isa = PBXBuildFile; fileRef = 56AB63F72C9BF82000E6E172 /* WeatherDetailView.swift */; };
		56AB63FA2C9C036A00E6E172 /* CityWeatherView.swift in Sources */ = {isa = PBXBuildFile; fileRef = 56AB63F92C9C036A00E6E172 /* CityWeatherView.swift */; };
		56E4EE9E2C7F733300FD92C1 /* WeatherManager.swift in Sources */ = {isa = PBXBuildFile; fileRef = 56E4EE9D2C7F733300FD92C1 /* WeatherManager.swift */; };
		56E4EEA02C7F746800FD92C1 /* CurrentWeather.swift in Sources */ = {isa = PBXBuildFile; fileRef = 56E4EE9F2C7F746800FD92C1 /* CurrentWeather.swift */; };
/* End PBXBuildFile section */

/* Begin PBXFileReference section */
		560D2B7C2C75FF8600D0AFAA /* Weather.app */ = {isa = PBXFileReference; explicitFileType = wrapper.application; includeInIndex = 0; path = Weather.app; sourceTree = BUILT_PRODUCTS_DIR; };
		560D2B7F2C75FF8600D0AFAA /* WeatherApp.swift */ = {isa = PBXFileReference; lastKnownFileType = sourcecode.swift; path = WeatherApp.swift; sourceTree = "<group>"; };
		560D2B812C75FF8600D0AFAA /* ContentView.swift */ = {isa = PBXFileReference; lastKnownFileType = sourcecode.swift; path = ContentView.swift; sourceTree = "<group>"; };
		560D2B832C75FF8700D0AFAA /* Assets.xcassets */ = {isa = PBXFileReference; lastKnownFileType = folder.assetcatalog; path = Assets.xcassets; sourceTree = "<group>"; };
		560D2B862C75FF8700D0AFAA /* Preview Assets.xcassets */ = {isa = PBXFileReference; lastKnownFileType = folder.assetcatalog; path = "Preview Assets.xcassets"; sourceTree = "<group>"; };
		560D2B8D2C76038D00D0AFAA /* WeatherCellItemView.swift */ = {isa = PBXFileReference; lastKnownFileType = sourcecode.swift; path = WeatherCellItemView.swift; sourceTree = "<group>"; };
		567745D32C904EE100EC56F8 /* APError.swift */ = {isa = PBXFileReference; lastKnownFileType = sourcecode.swift; path = APError.swift; sourceTree = "<group>"; };
		56A5148E2C7F55B60001DD72 /* WeatherModel.swift */ = {isa = PBXFileReference; lastKnownFileType = sourcecode.swift; path = WeatherModel.swift; sourceTree = "<group>"; };
		56A514902C7F59980001DD72 /* WeatherViewModel.swift */ = {isa = PBXFileReference; lastKnownFileType = sourcecode.swift; path = WeatherViewModel.swift; sourceTree = "<group>"; };
		56AB63F72C9BF82000E6E172 /* WeatherDetailView.swift */ = {isa = PBXFileReference; lastKnownFileType = sourcecode.swift; path = WeatherDetailView.swift; sourceTree = "<group>"; };
		56AB63F92C9C036A00E6E172 /* CityWeatherView.swift */ = {isa = PBXFileReference; lastKnownFileType = sourcecode.swift; path = CityWeatherView.swift; sourceTree = "<group>"; };
		56E4EE9D2C7F733300FD92C1 /* WeatherManager.swift */ = {isa = PBXFileReference; lastKnownFileType = sourcecode.swift; path = WeatherManager.swift; sourceTree = "<group>"; };
		56E4EE9F2C7F746800FD92C1 /* CurrentWeather.swift */ = {isa = PBXFileReference; lastKnownFileType = sourcecode.swift; path = CurrentWeather.swift; sourceTree = "<group>"; };
/* End PBXFileReference section */

/* Begin PBXFrameworksBuildPhase section */
		560D2B792C75FF8600D0AFAA /* Frameworks */ = {
			isa = PBXFrameworksBuildPhase;
			buildActionMask = 2147483647;
			files = (
			);
			runOnlyForDeploymentPostprocessing = 0;
		};
/* End PBXFrameworksBuildPhase section */

/* Begin PBXGroup section */
		560D2B732C75FF8600D0AFAA = {
			isa = PBXGroup;
			children = (
				560D2B7E2C75FF8600D0AFAA /* Weather */,
				560D2B7D2C75FF8600D0AFAA /* Products */,
			);
			sourceTree = "<group>";
		};
		560D2B7D2C75FF8600D0AFAA /* Products */ = {
			isa = PBXGroup;
			children = (
				560D2B7C2C75FF8600D0AFAA /* Weather.app */,
			);
			name = Products;
			sourceTree = "<group>";
		};
		560D2B7E2C75FF8600D0AFAA /* Weather */ = {
			isa = PBXGroup;
			children = (
				56E4EE9C2C7F731300FD92C1 /* Managers */,
				56A5148D2C7F556D0001DD72 /* ViewModel */,
				56A5148C2C7F55640001DD72 /* View */,
				56A5148B2C7F55590001DD72 /* Model */,
				560D2B7F2C75FF8600D0AFAA /* WeatherApp.swift */,
				560D2B832C75FF8700D0AFAA /* Assets.xcassets */,
				560D2B852C75FF8700D0AFAA /* Preview Content */,
			);
			path = Weather;
			sourceTree = "<group>";
		};
		560D2B852C75FF8700D0AFAA /* Preview Content */ = {
			isa = PBXGroup;
			children = (
				560D2B862C75FF8700D0AFAA /* Preview Assets.xcassets */,
			);
			path = "Preview Content";
			sourceTree = "<group>";
		};
		56A5148B2C7F55590001DD72 /* Model */ = {
			isa = PBXGroup;
			children = (
				56A5148E2C7F55B60001DD72 /* WeatherModel.swift */,
				56E4EE9F2C7F746800FD92C1 /* CurrentWeather.swift */,
				567745D32C904EE100EC56F8 /* APError.swift */,
			);
			path = Model;
			sourceTree = "<group>";
		};
		56A5148C2C7F55640001DD72 /* View */ = {
			isa = PBXGroup;
			children = (
				560D2B812C75FF8600D0AFAA /* ContentView.swift */,
				560D2B8D2C76038D00D0AFAA /* WeatherCellItemView.swift */,
				56AB63F72C9BF82000E6E172 /* WeatherDetailView.swift */,
				56AB63F92C9C036A00E6E172 /* CityWeatherView.swift */,
			);
			path = View;
			sourceTree = "<group>";
		};
		56A5148D2C7F556D0001DD72 /* ViewModel */ = {
			isa = PBXGroup;
			children = (
				56A514902C7F59980001DD72 /* WeatherViewModel.swift */,
			);
			path = ViewModel;
			sourceTree = "<group>";
		};
		56E4EE9C2C7F731300FD92C1 /* Managers */ = {
			isa = PBXGroup;
			children = (
				56E4EE9D2C7F733300FD92C1 /* WeatherManager.swift */,
			);
			path = Managers;
			sourceTree = "<group>";
		};
/* End PBXGroup section */

/* Begin PBXNativeTarget section */
		560D2B7B2C75FF8600D0AFAA /* Weather */ = {
			isa = PBXNativeTarget;
			buildConfigurationList = 560D2B8A2C75FF8700D0AFAA /* Build configuration list for PBXNativeTarget "Weather" */;
			buildPhases = (
				560D2B782C75FF8600D0AFAA /* Sources */,
				560D2B792C75FF8600D0AFAA /* Frameworks */,
				560D2B7A2C75FF8600D0AFAA /* Resources */,
			);
			buildRules = (
			);
			dependencies = (
			);
			name = Weather;
			productName = Weather;
			productReference = 560D2B7C2C75FF8600D0AFAA /* Weather.app */;
			productType = "com.apple.product-type.application";
		};
/* End PBXNativeTarget section */

/* Begin PBXProject section */
		560D2B742C75FF8600D0AFAA /* Project object */ = {
			isa = PBXProject;
			attributes = {
				BuildIndependentTargetsInParallel = 1;
				LastSwiftUpdateCheck = 1540;
				LastUpgradeCheck = 1540;
				TargetAttributes = {
					560D2B7B2C75FF8600D0AFAA = {
						CreatedOnToolsVersion = 15.4;
					};
				};
			};
			buildConfigurationList = 560D2B772C75FF8600D0AFAA /* Build configuration list for PBXProject "Weather" */;
			compatibilityVersion = "Xcode 14.0";
			developmentRegion = en;
			hasScannedForEncodings = 0;
			knownRegions = (
				en,
				Base,
			);
			mainGroup = 560D2B732C75FF8600D0AFAA;
			productRefGroup = 560D2B7D2C75FF8600D0AFAA /* Products */;
			projectDirPath = "";
			projectRoot = "";
			targets = (
				560D2B7B2C75FF8600D0AFAA /* Weather */,
			);
		};
/* End PBXProject section */

/* Begin PBXResourcesBuildPhase section */
		560D2B7A2C75FF8600D0AFAA /* Resources */ = {
			isa = PBXResourcesBuildPhase;
			buildActionMask = 2147483647;
			files = (
				560D2B872C75FF8700D0AFAA /* Preview Assets.xcassets in Resources */,
				560D2B842C75FF8700D0AFAA /* Assets.xcassets in Resources */,
			);
			runOnlyForDeploymentPostprocessing = 0;
		};
/* End PBXResourcesBuildPhase section */

/* Begin PBXSourcesBuildPhase section */
		560D2B782C75FF8600D0AFAA /* Sources */ = {
			isa = PBXSourcesBuildPhase;
			buildActionMask = 2147483647;
			files = (
				56E4EE9E2C7F733300FD92C1 /* WeatherManager.swift in Sources */,
				56A514912C7F59980001DD72 /* WeatherViewModel.swift in Sources */,
				560D2B8E2C76038D00D0AFAA /* WeatherCellItemView.swift in Sources */,
				567745D42C904EE100EC56F8 /* APError.swift in Sources */,
				56AB63FA2C9C036A00E6E172 /* CityWeatherView.swift in Sources */,
				56E4EEA02C7F746800FD92C1 /* CurrentWeather.swift in Sources */,
				560D2B822C75FF8600D0AFAA /* ContentView.swift in Sources */,
				56AB63F82C9BF82000E6E172 /* WeatherDetailView.swift in Sources */,
				56A5148F2C7F55B60001DD72 /* WeatherModel.swift in Sources */,
				560D2B802C75FF8600D0AFAA /* WeatherApp.swift in Sources */,
			);
			runOnlyForDeploymentPostprocessing = 0;
		};
/* End PBXSourcesBuildPhase section */

/* Begin XCBuildConfiguration section */
		560D2B882C75FF8700D0AFAA /* Debug */ = {
			isa = XCBuildConfiguration;
			buildSettings = {
				ALWAYS_SEARCH_USER_PATHS = NO;
				ASSETCATALOG_COMPILER_GENERATE_SWIFT_ASSET_SYMBOL_EXTENSIONS = YES;
				CLANG_ANALYZER_NONNULL = YES;
				CLANG_ANALYZER_NUMBER_OBJECT_CONVERSION = YES_AGGRESSIVE;
				CLANG_CXX_LANGUAGE_STANDARD = "gnu++20";
				CLANG_ENABLE_MODULES = YES;
				CLANG_ENABLE_OBJC_ARC = YES;
				CLANG_ENABLE_OBJC_WEAK = YES;
				CLANG_WARN_BLOCK_CAPTURE_AUTORELEASING = YES;
				CLANG_WARN_BOOL_CONVERSION = YES;
				CLANG_WARN_COMMA = YES;
				CLANG_WARN_CONSTANT_CONVERSION = YES;
				CLANG_WARN_DEPRECATED_OBJC_IMPLEMENTATIONS = YES;
				CLANG_WARN_DIRECT_OBJC_ISA_USAGE = YES_ERROR;
				CLANG_WARN_DOCUMENTATION_COMMENTS = YES;
				CLANG_WARN_EMPTY_BODY = YES;
				CLANG_WARN_ENUM_CONVERSION = YES;
				CLANG_WARN_INFINITE_RECURSION = YES;
				CLANG_WARN_INT_CONVERSION = YES;
				CLANG_WARN_NON_LITERAL_NULL_CONVERSION = YES;
				CLANG_WARN_OBJC_IMPLICIT_RETAIN_SELF = YES;
				CLANG_WARN_OBJC_LITERAL_CONVERSION = YES;
				CLANG_WARN_OBJC_ROOT_CLASS = YES_ERROR;
				CLANG_WARN_QUOTED_INCLUDE_IN_FRAMEWORK_HEADER = YES;
				CLANG_WARN_RANGE_LOOP_ANALYSIS = YES;
				CLANG_WARN_STRICT_PROTOTYPES = YES;
				CLANG_WARN_SUSPICIOUS_MOVE = YES;
				CLANG_WARN_UNGUARDED_AVAILABILITY = YES_AGGRESSIVE;
				CLANG_WARN_UNREACHABLE_CODE = YES;
				CLANG_WARN__DUPLICATE_METHOD_MATCH = YES;
				COPY_PHASE_STRIP = NO;
				DEBUG_INFORMATION_FORMAT = dwarf;
				ENABLE_STRICT_OBJC_MSGSEND = YES;
				ENABLE_TESTABILITY = YES;
				ENABLE_USER_SCRIPT_SANDBOXING = YES;
				GCC_C_LANGUAGE_STANDARD = gnu17;
				GCC_DYNAMIC_NO_PIC = NO;
				GCC_NO_COMMON_BLOCKS = YES;
				GCC_OPTIMIZATION_LEVEL = 0;
				GCC_PREPROCESSOR_DEFINITIONS = (
					"DEBUG=1",
					"$(inherited)",
				);
				GCC_WARN_64_TO_32_BIT_CONVERSION = YES;
				GCC_WARN_ABOUT_RETURN_TYPE = YES_ERROR;
				GCC_WARN_UNDECLARED_SELECTOR = YES;
				GCC_WARN_UNINITIALIZED_AUTOS = YES_AGGRESSIVE;
				GCC_WARN_UNUSED_FUNCTION = YES;
				GCC_WARN_UNUSED_VARIABLE = YES;
				IPHONEOS_DEPLOYMENT_TARGET = 17.5;
				LOCALIZATION_PREFERS_STRING_CATALOGS = YES;
				MTL_ENABLE_DEBUG_INFO = INCLUDE_SOURCE;
				MTL_FAST_MATH = YES;
				ONLY_ACTIVE_ARCH = YES;
				SDKROOT = iphoneos;
				SWIFT_ACTIVE_COMPILATION_CONDITIONS = "DEBUG $(inherited)";
				SWIFT_OPTIMIZATION_LEVEL = "-Onone";
			};
			name = Debug;
		};
		560D2B892C75FF8700D0AFAA /* Release */ = {
			isa = XCBuildConfiguration;
			buildSettings = {
				ALWAYS_SEARCH_USER_PATHS = NO;
				ASSETCATALOG_COMPILER_GENERATE_SWIFT_ASSET_SYMBOL_EXTENSIONS = YES;
				CLANG_ANALYZER_NONNULL = YES;
				CLANG_ANALYZER_NUMBER_OBJECT_CONVERSION = YES_AGGRESSIVE;
				CLANG_CXX_LANGUAGE_STANDARD = "gnu++20";
				CLANG_ENABLE_MODULES = YES;
				CLANG_ENABLE_OBJC_ARC = YES;
				CLANG_ENABLE_OBJC_WEAK = YES;
				CLANG_WARN_BLOCK_CAPTURE_AUTORELEASING = YES;
				CLANG_WARN_BOOL_CONVERSION = YES;
				CLANG_WARN_COMMA = YES;
				CLANG_WARN_CONSTANT_CONVERSION = YES;
				CLANG_WARN_DEPRECATED_OBJC_IMPLEMENTATIONS = YES;
				CLANG_WARN_DIRECT_OBJC_ISA_USAGE = YES_ERROR;
				CLANG_WARN_DOCUMENTATION_COMMENTS = YES;
				CLANG_WARN_EMPTY_BODY = YES;
				CLANG_WARN_ENUM_CONVERSION = YES;
				CLANG_WARN_INFINITE_RECURSION = YES;
				CLANG_WARN_INT_CONVERSION = YES;
				CLANG_WARN_NON_LITERAL_NULL_CONVERSION = YES;
				CLANG_WARN_OBJC_IMPLICIT_RETAIN_SELF = YES;
				CLANG_WARN_OBJC_LITERAL_CONVERSION = YES;
				CLANG_WARN_OBJC_ROOT_CLASS = YES_ERROR;
				CLANG_WARN_QUOTED_INCLUDE_IN_FRAMEWORK_HEADER = YES;
				CLANG_WARN_RANGE_LOOP_ANALYSIS = YES;
				CLANG_WARN_STRICT_PROTOTYPES = YES;
				CLANG_WARN_SUSPICIOUS_MOVE = YES;
				CLANG_WARN_UNGUARDED_AVAILABILITY = YES_AGGRESSIVE;
				CLANG_WARN_UNREACHABLE_CODE = YES;
				CLANG_WARN__DUPLICATE_METHOD_MATCH = YES;
				COPY_PHASE_STRIP = NO;
				DEBUG_INFORMATION_FORMAT = "dwarf-with-dsym";
				ENABLE_NS_ASSERTIONS = NO;
				ENABLE_STRICT_OBJC_MSGSEND = YES;
				ENABLE_USER_SCRIPT_SANDBOXING = YES;
				GCC_C_LANGUAGE_STANDARD = gnu17;
				GCC_NO_COMMON_BLOCKS = YES;
				GCC_WARN_64_TO_32_BIT_CONVERSION = YES;
				GCC_WARN_ABOUT_RETURN_TYPE = YES_ERROR;
				GCC_WARN_UNDECLARED_SELECTOR = YES;
				GCC_WARN_UNINITIALIZED_AUTOS = YES_AGGRESSIVE;
				GCC_WARN_UNUSED_FUNCTION = YES;
				GCC_WARN_UNUSED_VARIABLE = YES;
				IPHONEOS_DEPLOYMENT_TARGET = 17.5;
				LOCALIZATION_PREFERS_STRING_CATALOGS = YES;
				MTL_ENABLE_DEBUG_INFO = NO;
				MTL_FAST_MATH = YES;
				SDKROOT = iphoneos;
				SWIFT_COMPILATION_MODE = wholemodule;
				VALIDATE_PRODUCT = YES;
			};
			name = Release;
		};
		560D2B8B2C75FF8700D0AFAA /* Debug */ = {
			isa = XCBuildConfiguration;
			buildSettings = {
				ASSETCATALOG_COMPILER_APPICON_NAME = AppIcon;
				ASSETCATALOG_COMPILER_GLOBAL_ACCENT_COLOR_NAME = AccentColor;
				CODE_SIGN_STYLE = Automatic;
				CURRENT_PROJECT_VERSION = 1;
				DEVELOPMENT_ASSET_PATHS = "\"Weather/Preview Content\"";
				ENABLE_PREVIEWS = YES;
				GENERATE_INFOPLIST_FILE = YES;
				INFOPLIST_KEY_UIApplicationSceneManifest_Generation = YES;
				INFOPLIST_KEY_UIApplicationSupportsIndirectInputEvents = YES;
				INFOPLIST_KEY_UILaunchScreen_Generation = YES;
				INFOPLIST_KEY_UISupportedInterfaceOrientations_iPad = "UIInterfaceOrientationPortrait UIInterfaceOrientationPortraitUpsideDown UIInterfaceOrientationLandscapeLeft UIInterfaceOrientationLandscapeRight";
				INFOPLIST_KEY_UISupportedInterfaceOrientations_iPhone = "UIInterfaceOrientationPortrait UIInterfaceOrientationLandscapeLeft UIInterfaceOrientationLandscapeRight";
				LD_RUNPATH_SEARCH_PATHS = (
					"$(inherited)",
					"@executable_path/Frameworks",
				);
				MARKETING_VERSION = 1.0;
				PRODUCT_BUNDLE_IDENTIFIER = kz.zmt.webkit.Weather;
				PRODUCT_NAME = "$(TARGET_NAME)";
				SWIFT_EMIT_LOC_STRINGS = YES;
				SWIFT_VERSION = 5.0;
				TARGETED_DEVICE_FAMILY = "1,2";
			};
			name = Debug;
		};
		560D2B8C2C75FF8700D0AFAA /* Release */ = {
			isa = XCBuildConfiguration;
			buildSettings = {
				ASSETCATALOG_COMPILER_APPICON_NAME = AppIcon;
				ASSETCATALOG_COMPILER_GLOBAL_ACCENT_COLOR_NAME = AccentColor;
				CODE_SIGN_STYLE = Automatic;
				CURRENT_PROJECT_VERSION = 1;
				DEVELOPMENT_ASSET_PATHS = "\"Weather/Preview Content\"";
				ENABLE_PREVIEWS = YES;
				GENERATE_INFOPLIST_FILE = YES;
				INFOPLIST_KEY_UIApplicationSceneManifest_Generation = YES;
				INFOPLIST_KEY_UIApplicationSupportsIndirectInputEvents = YES;
				INFOPLIST_KEY_UILaunchScreen_Generation = YES;
				INFOPLIST_KEY_UISupportedInterfaceOrientations_iPad = "UIInterfaceOrientationPortrait UIInterfaceOrientationPortraitUpsideDown UIInterfaceOrientationLandscapeLeft UIInterfaceOrientationLandscapeRight";
				INFOPLIST_KEY_UISupportedInterfaceOrientations_iPhone = "UIInterfaceOrientationPortrait UIInterfaceOrientationLandscapeLeft UIInterfaceOrientationLandscapeRight";
				LD_RUNPATH_SEARCH_PATHS = (
					"$(inherited)",
					"@executable_path/Frameworks",
				);
				MARKETING_VERSION = 1.0;
				PRODUCT_BUNDLE_IDENTIFIER = kz.zmt.webkit.Weather;
				PRODUCT_NAME = "$(TARGET_NAME)";
				SWIFT_EMIT_LOC_STRINGS = YES;
				SWIFT_VERSION = 5.0;
				TARGETED_DEVICE_FAMILY = "1,2";
			};
			name = Release;
		};
/* End XCBuildConfiguration section */

/* Begin XCConfigurationList section */
		560D2B772C75FF8600D0AFAA /* Build configuration list for PBXProject "Weather" */ = {
			isa = XCConfigurationList;
			buildConfigurations = (
				560D2B882C75FF8700D0AFAA /* Debug */,
				560D2B892C75FF8700D0AFAA /* Release */,
			);
			defaultConfigurationIsVisible = 0;
			defaultConfigurationName = Release;
		};
		560D2B8A2C75FF8700D0AFAA /* Build configuration list for PBXNativeTarget "Weather" */ = {
			isa = XCConfigurationList;
			buildConfigurations = (
				560D2B8B2C75FF8700D0AFAA /* Debug */,
				560D2B8C2C75FF8700D0AFAA /* Release */,
			);
			defaultConfigurationIsVisible = 0;
			defaultConfigurationName = Release;
		};
/* End XCConfigurationList section */
	};
	rootObject = 560D2B742C75FF8600D0AFAA /* Project object */;
}
